
Microsoft Visual Studio Solution File, Format Version 11.00
# Visual Studio 2010
Project("{FAE04EC0-301F-11D3-BF4B-00C04F79EFBC}") = "GenFileNameList", "GenFileNameList\GenFileNameList.csproj", "{979217EA-E1EA-4A96-8CFB-96D92A024131}"
EndProject
Global
	GlobalSection(SolutionConfigurationPlatforms) = preSolution
		Debug|Any CPU = Debug|Any CPU
		Release|Any CPU = Release|Any CPU
	EndGlobalSection
	GlobalSection(ProjectConfigurationPlatforms) = postSolution
		{979217EA-E1EA-4A96-8CFB-96D92A024131}.Debug|Any CPU.ActiveCfg = Debug|Any CPU
		{979217EA-E1EA-4A96-8CFB-96D92A024131}.Debug|Any CPU.Build.0 = Debug|Any CPU
		{979217EA-E1EA-4A96-8CFB-96D92A024131}.Release|Any CPU.ActiveCfg = Release|Any CPU
		{979217EA-E1EA-4A96-8CFB-96D92A024131}.Release|Any CPU.Build.0 = Release|Any CPU
	EndGlobalSection
	GlobalSection(SolutionProperties) = preSolution
		HideSolutionNode = FALSE
	EndGlobalSection
EndGlobal
